
Microsoft Visual Studio Solution File, Format Version 12.00
# Visual Studio Version 16
VisualStudioVersion = 16.0.31105.61
MinimumVisualStudioVersion = 10.0.40219.1
Project("{9A19103F-16F7-4668-BE54-9A1E7A4F7556}") = "ISPYZU2", "ISPYZU2.csproj", "{D9E37797-56E3-4111-ADA6-AD8540184D4A}"
EndProject
Project("{9A19103F-16F7-4668-BE54-9A1E7A4F7556}") = "Rocky", "..\Rocky\Rocky\Rocky.csproj", "{A89ADCB0-DB23-4F30-996F-68932858EF4E}"
EndProject
Global
	GlobalSection(SolutionConfigurationPlatforms) = preSolution
		Debug|Any CPU = Debug|Any CPU
		Release|Any CPU = Release|Any CPU
	EndGlobalSection
	GlobalSection(ProjectConfigurationPlatforms) = postSolution
		{D9E37797-56E3-4111-ADA6-AD8540184D4A}.Debug|Any CPU.ActiveCfg = Debug|Any CPU
		{D9E37797-56E3-4111-ADA6-AD8540184D4A}.Debug|Any CPU.Build.0 = Debug|Any CPU
		{D9E37797-56E3-4111-ADA6-AD8540184D4A}.Release|Any CPU.ActiveCfg = Release|Any CPU
		{D9E37797-56E3-4111-ADA6-AD8540184D4A}.Release|Any CPU.Build.0 = Release|Any CPU
		{A89ADCB0-DB23-4F30-996F-68932858EF4E}.Debug|Any CPU.ActiveCfg = Debug|Any CPU
		{A89ADCB0-DB23-4F30-996F-68932858EF4E}.Debug|Any CPU.Build.0 = Debug|Any CPU
		{A89ADCB0-DB23-4F30-996F-68932858EF4E}.Release|Any CPU.ActiveCfg = Release|Any CPU
		{A89ADCB0-DB23-4F30-996F-68932858EF4E}.Release|Any CPU.Build.0 = Release|Any CPU
	EndGlobalSection
	GlobalSection(SolutionProperties) = preSolution
		HideSolutionNode = FALSE
	EndGlobalSection
	GlobalSection(ExtensibilityGlobals) = postSolution
		SolutionGuid = {4EAEA3F7-54F5-4D63-B63A-42996A449EC2}
	EndGlobalSection
EndGlobal
